
Microsoft Visual Studio Solution File, Format Version 12.00
# Visual Studio Version 17
VisualStudioVersion = 17.5.002.0
MinimumVisualStudioVersion = 10.0.40219.1
Project("{9A19103F-16F7-4668-BE54-9A1E7A4F7556}") = "Task1", "Task1\Task1.csproj", "{58DF0264-3C28-470A-8F20-210219A4AA22}"
EndProject
Project("{9A19103F-16F7-4668-BE54-9A1E7A4F7556}") = "Task2", "Task2\Task2.csproj", "{5E51975B-54CA-49AF-B147-77A61BA40BAE}"
EndProject
Project("{9A19103F-16F7-4668-BE54-9A1E7A4F7556}") = "Task3", "Task3\Task3.csproj", "{05F1FE69-A230-49C1-87B6-B632B62C32D4}"
EndProject
Global
	GlobalSection(SolutionConfigurationPlatforms) = preSolution
		Debug|Any CPU = Debug|Any CPU
		Release|Any CPU = Release|Any CPU
	EndGlobalSection
	GlobalSection(ProjectConfigurationPlatforms) = postSolution
		{58DF0264-3C28-470A-8F20-210219A4AA22}.Debug|Any CPU.ActiveCfg = Debug|Any CPU
		{58DF0264-3C28-470A-8F20-210219A4AA22}.Debug|Any CPU.Build.0 = Debug|Any CPU
		{58DF0264-3C28-470A-8F20-210219A4AA22}.Release|Any CPU.ActiveCfg = Release|Any CPU
		{58DF0264-3C28-470A-8F20-210219A4AA22}.Release|Any CPU.Build.0 = Release|Any CPU
		{5E51975B-54CA-49AF-B147-77A61BA40BAE}.Debug|Any CPU.ActiveCfg = Debug|Any CPU
		{5E51975B-54CA-49AF-B147-77A61BA40BAE}.Debug|Any CPU.Build.0 = Debug|Any CPU
		{5E51975B-54CA-49AF-B147-77A61BA40BAE}.Release|Any CPU.ActiveCfg = Release|Any CPU
		{5E51975B-54CA-49AF-B147-77A61BA40BAE}.Release|Any CPU.Build.0 = Release|Any CPU
		{05F1FE69-A230-49C1-87B6-B632B62C32D4}.Debug|Any CPU.ActiveCfg = Debug|Any CPU
		{05F1FE69-A230-49C1-87B6-B632B62C32D4}.Debug|Any CPU.Build.0 = Debug|Any CPU
		{05F1FE69-A230-49C1-87B6-B632B62C32D4}.Release|Any CPU.ActiveCfg = Release|Any CPU
		{05F1FE69-A230-49C1-87B6-B632B62C32D4}.Release|Any CPU.Build.0 = Release|Any CPU
	EndGlobalSection
	GlobalSection(SolutionProperties) = preSolution
		HideSolutionNode = FALSE
	EndGlobalSection
	GlobalSection(ExtensibilityGlobals) = postSolution
		SolutionGuid = {52D7368A-B69D-4C14-BF5F-28B915FBDC78}
	EndGlobalSection
EndGlobal
